
Microsoft Visual Studio Solution File, Format Version 12.00
# Visual Studio Version 17
VisualStudioVersion = 17.4.33213.308
MinimumVisualStudioVersion = 10.0.40219.1
Project("{FAE04EC0-301F-11D3-BF4B-00C04F79EFBC}") = "DealMate", "DealMate.csproj", "{B81F095B-AEEC-41A8-8BCD-4D2FB1E43AE8}"
EndProject
Global
	GlobalSection(SolutionConfigurationPlatforms) = preSolution
		Debug|Any CPU = Debug|Any CPU
		Release|Any CPU = Release|Any CPU
	EndGlobalSection
	GlobalSection(ProjectConfigurationPlatforms) = postSolution
		{B81F095B-AEEC-41A8-8BCD-4D2FB1E43AE8}.Debug|Any CPU.ActiveCfg = Debug|Any CPU
		{B81F095B-AEEC-41A8-8BCD-4D2FB1E43AE8}.Debug|Any CPU.Build.0 = Debug|Any CPU
		{B81F095B-AEEC-41A8-8BCD-4D2FB1E43AE8}.Release|Any CPU.ActiveCfg = Release|Any CPU
		{B81F095B-AEEC-41A8-8BCD-4D2FB1E43AE8}.Release|Any CPU.Build.0 = Release|Any CPU
	EndGlobalSection
	GlobalSection(SolutionProperties) = preSolution
		HideSolutionNode = FALSE
	EndGlobalSection
	GlobalSection(ExtensibilityGlobals) = postSolution
		SolutionGuid = {DB7D7E0F-3AFD-4701-BFA3-197111F35C00}
	EndGlobalSection
EndGlobal
